
Microsoft Visual Studio Solution File, Format Version 12.00
# Visual Studio Version 17
VisualStudioVersion = 17.10.35027.167
MinimumVisualStudioVersion = 10.0.40219.1
Project("{9A19103F-16F7-4668-BE54-9A1E7A4F7556}") = "WebApplication3", "WebApplication3.csproj", "{4174F24F-798C-48AA-A1DF-813E49584BCE}"
EndProject
Global
	GlobalSection(SolutionConfigurationPlatforms) = preSolution
		Debug|Any CPU = Debug|Any CPU
		Release|Any CPU = Release|Any CPU
	EndGlobalSection
	GlobalSection(ProjectConfigurationPlatforms) = postSolution
		{4174F24F-798C-48AA-A1DF-813E49584BCE}.Debug|Any CPU.ActiveCfg = Debug|Any CPU
		{4174F24F-798C-48AA-A1DF-813E49584BCE}.Debug|Any CPU.Build.0 = Debug|Any CPU
		{4174F24F-798C-48AA-A1DF-813E49584BCE}.Release|Any CPU.ActiveCfg = Release|Any CPU
		{4174F24F-798C-48AA-A1DF-813E49584BCE}.Release|Any CPU.Build.0 = Release|Any CPU
	EndGlobalSection
	GlobalSection(SolutionProperties) = preSolution
		HideSolutionNode = FALSE
	EndGlobalSection
	GlobalSection(ExtensibilityGlobals) = postSolution
		SolutionGuid = {8DDE3C4B-7969-4E0F-A746-4BB108EFF554}
	EndGlobalSection
EndGlobal
